
Microsoft Visual Studio Solution File, Format Version 12.00
# Visual Studio Version 17
VisualStudioVersion = 17.5.33530.505
MinimumVisualStudioVersion = 10.0.40219.1
Project("{FAE04EC0-301F-11D3-BF4B-00C04F79EFBC}") = "MathQuiz", "MathQuiz.csproj", "{98CE6A2B-E395-4044-B8D1-6D91560B2A03}"
EndProject
Global
	GlobalSection(SolutionConfigurationPlatforms) = preSolution
		Debug|Any CPU = Debug|Any CPU
		Release|Any CPU = Release|Any CPU
	EndGlobalSection
	GlobalSection(ProjectConfigurationPlatforms) = postSolution
		{98CE6A2B-E395-4044-B8D1-6D91560B2A03}.Debug|Any CPU.ActiveCfg = Debug|Any CPU
		{98CE6A2B-E395-4044-B8D1-6D91560B2A03}.Debug|Any CPU.Build.0 = Debug|Any CPU
		{98CE6A2B-E395-4044-B8D1-6D91560B2A03}.Release|Any CPU.ActiveCfg = Release|Any CPU
		{98CE6A2B-E395-4044-B8D1-6D91560B2A03}.Release|Any CPU.Build.0 = Release|Any CPU
	EndGlobalSection
	GlobalSection(SolutionProperties) = preSolution
		HideSolutionNode = FALSE
	EndGlobalSection
	GlobalSection(ExtensibilityGlobals) = postSolution
		SolutionGuid = {8F792943-6869-4E47-9FCA-6E46D518D93F}
	EndGlobalSection
EndGlobal
